
Microsoft Visual Studio Solution File, Format Version 12.00
# Visual Studio Version 17
VisualStudioVersion = 17.4.33205.214
MinimumVisualStudioVersion = 10.0.40219.1
Project("{FAE04EC0-301F-11D3-BF4B-00C04F79EFBC}") = "e-library", "e-library\e-library.csproj", "{3E77CBB8-31F5-4B9A-A0D7-769A8E1127DC}"
EndProject
Global
	GlobalSection(SolutionConfigurationPlatforms) = preSolution
		Debug|Any CPU = Debug|Any CPU
		Release|Any CPU = Release|Any CPU
	EndGlobalSection
	GlobalSection(ProjectConfigurationPlatforms) = postSolution
		{3E77CBB8-31F5-4B9A-A0D7-769A8E1127DC}.Debug|Any CPU.ActiveCfg = Debug|Any CPU
		{3E77CBB8-31F5-4B9A-A0D7-769A8E1127DC}.Debug|Any CPU.Build.0 = Debug|Any CPU
		{3E77CBB8-31F5-4B9A-A0D7-769A8E1127DC}.Release|Any CPU.ActiveCfg = Release|Any CPU
		{3E77CBB8-31F5-4B9A-A0D7-769A8E1127DC}.Release|Any CPU.Build.0 = Release|Any CPU
	EndGlobalSection
	GlobalSection(SolutionProperties) = preSolution
		HideSolutionNode = FALSE
	EndGlobalSection
	GlobalSection(ExtensibilityGlobals) = postSolution
		SolutionGuid = {76408983-CD33-429D-8A31-F3E21CD1C3E6}
	EndGlobalSection
EndGlobal
